
Microsoft Visual Studio Solution File, Format Version 12.00
# Visual Studio 15
VisualStudioVersion = 15.0.28010.2016
MinimumVisualStudioVersion = 10.0.40219.1
Project("{FAE04EC0-301F-11D3-BF4B-00C04F79EFBC}") = "WApiProxy", "WApiProxy\WApiProxy.csproj", "{B1DBBE0C-3CCA-4BAD-89D6-BF95940653B6}"
EndProject
Project("{FAE04EC0-301F-11D3-BF4B-00C04F79EFBC}") = "WApiProxyPortalClientesVehiculos", "WApiProxyPortalClientesVehiculos\WApiProxyPortalClientesVehiculos.csproj", "{8C475951-EB38-45CF-BF99-B61055F702D9}"
EndProject
Project("{FAE04EC0-301F-11D3-BF4B-00C04F79EFBC}") = "WApiProxyInspecciones", "WApiProxyInspecciones\WApiProxyInspecciones.csproj", "{646BDAD7-936B-4DDE-A2CE-93D02A93E15F}"
EndProject
Global
	GlobalSection(SolutionConfigurationPlatforms) = preSolution
		Debug|Any CPU = Debug|Any CPU
		Release|Any CPU = Release|Any CPU
	EndGlobalSection
	GlobalSection(ProjectConfigurationPlatforms) = postSolution
		{B1DBBE0C-3CCA-4BAD-89D6-BF95940653B6}.Debug|Any CPU.ActiveCfg = Debug|Any CPU
		{B1DBBE0C-3CCA-4BAD-89D6-BF95940653B6}.Debug|Any CPU.Build.0 = Debug|Any CPU
		{B1DBBE0C-3CCA-4BAD-89D6-BF95940653B6}.Release|Any CPU.ActiveCfg = Release|Any CPU
		{B1DBBE0C-3CCA-4BAD-89D6-BF95940653B6}.Release|Any CPU.Build.0 = Release|Any CPU
		{8C475951-EB38-45CF-BF99-B61055F702D9}.Debug|Any CPU.ActiveCfg = Debug|Any CPU
		{8C475951-EB38-45CF-BF99-B61055F702D9}.Debug|Any CPU.Build.0 = Debug|Any CPU
		{8C475951-EB38-45CF-BF99-B61055F702D9}.Release|Any CPU.ActiveCfg = Release|Any CPU
		{8C475951-EB38-45CF-BF99-B61055F702D9}.Release|Any CPU.Build.0 = Release|Any CPU
		{646BDAD7-936B-4DDE-A2CE-93D02A93E15F}.Debug|Any CPU.ActiveCfg = Debug|Any CPU
		{646BDAD7-936B-4DDE-A2CE-93D02A93E15F}.Debug|Any CPU.Build.0 = Debug|Any CPU
		{646BDAD7-936B-4DDE-A2CE-93D02A93E15F}.Release|Any CPU.ActiveCfg = Release|Any CPU
		{646BDAD7-936B-4DDE-A2CE-93D02A93E15F}.Release|Any CPU.Build.0 = Release|Any CPU
	EndGlobalSection
	GlobalSection(SolutionProperties) = preSolution
		HideSolutionNode = FALSE
	EndGlobalSection
	GlobalSection(ExtensibilityGlobals) = postSolution
		SolutionGuid = {C2D97C73-5E42-4004-8EBA-E00E114994BB}
	EndGlobalSection
EndGlobal
